PODS:
  - Alamofire (4.3.0)
  - ARCollectionViewMasonryLayout (2.2.0)
  - Nuke (5.0.1)
  - PromiseKit (4.1.4):
    - PromiseKit/Foundation (= 4.1.4)
    - PromiseKit/QuartzCore (= 4.1.4)
    - PromiseKit/UIKit (= 4.1.4)
  - PromiseKit/CorePromise (4.1.4)
  - PromiseKit/Foundation (4.1.4):
    - PromiseKit/CorePromise
  - PromiseKit/QuartzCore (4.1.4):
    - PromiseKit/CorePromise
  - PromiseKit/UIKit (4.1.4):
    - PromiseKit/CorePromise
  - SwiftyJSON (3.1.4)

DEPENDENCIES:
  - Alamofire
  - ARCollectionViewMasonryLayout
  - Nuke
  - PromiseKit (~> 4.0)
  - SwiftyJSON

SPEC CHECKSUMS:
  Alamofire: 856a113053a7bc9cbe5d6367a555d773fc5cfef7
  ARCollectionViewMasonryLayout: 9e87541c1d59cd9e6f538c19bbed3f52ceeef421
  Nuke: d47030a761bdd0f7589a734a90819d71eda2500d
  PromiseKit: e69aead34c817988ea688b1085aee21300d6dcb8
  SwiftyJSON: c2842d878f95482ffceec5709abc3d05680c0220

PODFILE CHECKSUM: 3fa8a0baf59dcf22e9e9589112499e933bc52cba

COCOAPODS: 1.2.0
